
Microsoft Visual Studio Solution File, Format Version 12.00
# Visual Studio Version 17
VisualStudioVersion = 17.8.34322.80
MinimumVisualStudioVersion = 10.0.40219.1
Project("{9A19103F-16F7-4668-BE54-9A1E7A4F7556}") = "BestOfHackerNews", "BestOfHackerNews\BestOfHackerNews.csproj", "{4FE73D43-2165-4664-BFF3-36A998452839}"
EndProject
Project("{9A19103F-16F7-4668-BE54-9A1E7A4F7556}") = "BestOfHackerNews.Core", "BestOfHackerNews.Core\BestOfHackerNews.Core.csproj", "{9A1F3C23-F9AF-4A0A-A4BC-2812911BDD1C}"
EndProject
Project("{9A19103F-16F7-4668-BE54-9A1E7A4F7556}") = "BestOfHackerNews.Tests", "BestOfHackerNews.Tests\BestOfHackerNews.Tests.csproj", "{C80D6276-F5CC-4949-B954-D91C1F76C174}"
EndProject
Project("{FAE04EC0-301F-11D3-BF4B-00C04F79EFBC}") = "BestOfHackerNews.Core.Tests", "BestOfHackerNews.Core.Tests\BestOfHackerNews.Core.Tests.csproj", "{82992A93-0218-4C3E-BDF7-10782A0635D5}"
EndProject
Global
	GlobalSection(SolutionConfigurationPlatforms) = preSolution
		Debug|Any CPU = Debug|Any CPU
		Release|Any CPU = Release|Any CPU
	EndGlobalSection
	GlobalSection(ProjectConfigurationPlatforms) = postSolution
		{4FE73D43-2165-4664-BFF3-36A998452839}.Debug|Any CPU.ActiveCfg = Debug|Any CPU
		{4FE73D43-2165-4664-BFF3-36A998452839}.Debug|Any CPU.Build.0 = Debug|Any CPU
		{4FE73D43-2165-4664-BFF3-36A998452839}.Release|Any CPU.ActiveCfg = Release|Any CPU
		{4FE73D43-2165-4664-BFF3-36A998452839}.Release|Any CPU.Build.0 = Release|Any CPU
		{9A1F3C23-F9AF-4A0A-A4BC-2812911BDD1C}.Debug|Any CPU.ActiveCfg = Debug|Any CPU
		{9A1F3C23-F9AF-4A0A-A4BC-2812911BDD1C}.Debug|Any CPU.Build.0 = Debug|Any CPU
		{9A1F3C23-F9AF-4A0A-A4BC-2812911BDD1C}.Release|Any CPU.ActiveCfg = Release|Any CPU
		{9A1F3C23-F9AF-4A0A-A4BC-2812911BDD1C}.Release|Any CPU.Build.0 = Release|Any CPU
		{C80D6276-F5CC-4949-B954-D91C1F76C174}.Debug|Any CPU.ActiveCfg = Debug|Any CPU
		{C80D6276-F5CC-4949-B954-D91C1F76C174}.Debug|Any CPU.Build.0 = Debug|Any CPU
		{C80D6276-F5CC-4949-B954-D91C1F76C174}.Release|Any CPU.ActiveCfg = Release|Any CPU
		{C80D6276-F5CC-4949-B954-D91C1F76C174}.Release|Any CPU.Build.0 = Release|Any CPU
		{82992A93-0218-4C3E-BDF7-10782A0635D5}.Debug|Any CPU.ActiveCfg = Debug|Any CPU
		{82992A93-0218-4C3E-BDF7-10782A0635D5}.Debug|Any CPU.Build.0 = Debug|Any CPU
		{82992A93-0218-4C3E-BDF7-10782A0635D5}.Release|Any CPU.ActiveCfg = Release|Any CPU
		{82992A93-0218-4C3E-BDF7-10782A0635D5}.Release|Any CPU.Build.0 = Release|Any CPU
	EndGlobalSection
	GlobalSection(SolutionProperties) = preSolution
		HideSolutionNode = FALSE
	EndGlobalSection
	GlobalSection(ExtensibilityGlobals) = postSolution
		SolutionGuid = {C5848E0C-67F1-4657-BE60-92CA0234FCA1}
	EndGlobalSection
EndGlobal
